
Microsoft Visual Studio Solution File, Format Version 12.00
# Visual Studio Version 17
VisualStudioVersion = 17.11.35208.52
MinimumVisualStudioVersion = 10.0.40219.1
Project("{FAE04EC0-301F-11D3-BF4B-00C04F79EFBC}") = "Wordle", "Wordle.csproj", "{52C796D8-44E1-4A78-AED9-C2D9CFF4DC04}"
EndProject
Global
	GlobalSection(SolutionConfigurationPlatforms) = preSolution
		Debug|Any CPU = Debug|Any CPU
		Release|Any CPU = Release|Any CPU
	EndGlobalSection
	GlobalSection(ProjectConfigurationPlatforms) = postSolution
		{52C796D8-44E1-4A78-AED9-C2D9CFF4DC04}.Debug|Any CPU.ActiveCfg = Debug|Any CPU
		{52C796D8-44E1-4A78-AED9-C2D9CFF4DC04}.Debug|Any CPU.Build.0 = Debug|Any CPU
		{52C796D8-44E1-4A78-AED9-C2D9CFF4DC04}.Release|Any CPU.ActiveCfg = Release|Any CPU
		{52C796D8-44E1-4A78-AED9-C2D9CFF4DC04}.Release|Any CPU.Build.0 = Release|Any CPU
	EndGlobalSection
	GlobalSection(SolutionProperties) = preSolution
		HideSolutionNode = FALSE
	EndGlobalSection
	GlobalSection(ExtensibilityGlobals) = postSolution
		SolutionGuid = {E5F27FCB-342E-4D9B-B4E0-A10E89AD7665}
	EndGlobalSection
EndGlobal
